// !$*UTF8*$!
{
	archiveVersion = 1;
	classes = {
	};
	objectVersion = 77;
	objects = {

/* Begin PBXBuildFile section */
		0275258A166E8C1F8747049F /* RecordingProjectStore.swift in Sources */ = {isa = PBXBuildFile; fileRef = 9A418726188BA1186770D369 /* RecordingProjectStore.swift */; };
		09CCDEF8955D04E11407AB2F /* RecordingProjectStoreTests.swift in Sources */ = {isa = PBXBuildFile; fileRef = 4F62D97C0064FA704277B507 /* RecordingProjectStoreTests.swift */; };
		0F3C5FC0DB845064C64E7F85 /* CameraBackgroundProcessor.swift in Sources */ = {isa = PBXBuildFile; fileRef = 5CB50032F9DF80C7B972223E /* CameraBackgroundProcessor.swift */; };
		13B8ECF226E15196B0B70E26 /* SettingsView.swift in Sources */ = {isa = PBXBuildFile; fileRef = 43CAE4260A98A0A1F829C7D4 /* SettingsView.swift */; };
		196FF4638BDC807C8566CBFB /* ProjectEditTimeline.swift in Sources */ = {isa = PBXBuildFile; fileRef = CF467C02CEF1C0CEB9A3DEA6 /* ProjectEditTimeline.swift */; };
		1A2584EBACF37EB6EF0538F8 /* SegmentRecoveryPlannerTests.swift in Sources */ = {isa = PBXBuildFile; fileRef = 3D0A91ECDA873BE9ABE40CE7 /* SegmentRecoveryPlannerTests.swift */; };
		208374A0E16995A13E987F1C /* LiveProgramPipeline.swift in Sources */ = {isa = PBXBuildFile; fileRef = 3D0041FA738C933779085A4D /* LiveProgramPipeline.swift */; };
		28BD5D9F6F1FDC3069E77ADB /* ProjectPresentationEditorView.swift in Sources */ = {isa = PBXBuildFile; fileRef = 32DC1B259E9687AC3F4AED72 /* ProjectPresentationEditorView.swift */; };
		30C473B441D6165AE700ADDF /* ProjectEditTimelineTests.swift in Sources */ = {isa = PBXBuildFile; fileRef = 01430E80134C73209EFA0564 /* ProjectEditTimelineTests.swift */; };
		376EB69488DDB2130F1D2389 /* CapturePresentation.swift in Sources */ = {isa = PBXBuildFile; fileRef = B32A4624DC63A5C9C1A2B083 /* CapturePresentation.swift */; };
		4A96E1124B032527CF1EDBAC /* YouTubeStreaming.swift in Sources */ = {isa = PBXBuildFile; fileRef = 7126807F0F98EB846E410145 /* YouTubeStreaming.swift */; };
		5A1AA71EF5B4051EBAFF0B27 /* LiveSceneCoordinator.swift in Sources */ = {isa = PBXBuildFile; fileRef = 17E0DE8AA2298975D8B89FB4 /* LiveSceneCoordinator.swift */; };
		6407FF729697CBABA2421762 /* PreferencesStoreTests.swift in Sources */ = {isa = PBXBuildFile; fileRef = 51E0E7A05E266687DFE45F5A /* PreferencesStoreTests.swift */; };
		845F62C05DD68B0B367282D0 /* ProjectDetailView.swift in Sources */ = {isa = PBXBuildFile; fileRef = 96ED698D08173FC315E1CD8D /* ProjectDetailView.swift */; };
		8D068381CAA6590CB8859700 /* RTMPHaishinKit in Frameworks */ = {isa = PBXBuildFile; productRef = 20760362B2E4B0080237C2D6 /* RTMPHaishinKit */; };
		8F36E99F36BFB7FA1099A091 /* RecordingCoordinator.swift in Sources */ = {isa = PBXBuildFile; fileRef = B9B1FE173E9872A8B56DBDAA /* RecordingCoordinator.swift */; };
		9A9291D7AA94A3C373F8DF99 /* CursorViewportPlannerTests.swift in Sources */ = {isa = PBXBuildFile; fileRef = D564BFBD03767F61040E4D62 /* CursorViewportPlannerTests.swift */; };
		A302B7575401CF8ABFB3670E /* StudioRecorderRootView.swift in Sources */ = {isa = PBXBuildFile; fileRef = 4C835330D010EC7464891D7A /* StudioRecorderRootView.swift */; };
		A66AADF142C1D940754C0E01 /* ProjectQuickEditorView.swift in Sources */ = {isa = PBXBuildFile; fileRef = 158EBFAEFC92DB31BAD3CA23 /* ProjectQuickEditorView.swift */; };
		ACD7EF0A9E898F71E4289452 /* YouTubeStreamingTests.swift in Sources */ = {isa = PBXBuildFile; fileRef = 891DF2173EEF7B52375DC5D1 /* YouTubeStreamingTests.swift */; };
		B0E27A3D93D70E74BFA6BADB /* CursorViewportPlanner.swift in Sources */ = {isa = PBXBuildFile; fileRef = C6A6C307E26B7DA41A362D92 /* CursorViewportPlanner.swift */; };
		B46A023909CBD36987C33FE0 /* HaishinKit in Frameworks */ = {isa = PBXBuildFile; productRef = 48264C86C007CE4D5C35A458 /* HaishinKit */; };
		B521E86B930809AD5DF38476 /* ProjectProgramRenderer.swift in Sources */ = {isa = PBXBuildFile; fileRef = 442FEB1D0E1A4D959C1E84BF /* ProjectProgramRenderer.swift */; };
		BD395C6D00598088ACD4AC23 /* CameraTrackRecorder.swift in Sources */ = {isa = PBXBuildFile; fileRef = 1645708A19AD6B64C39DE697 /* CameraTrackRecorder.swift */; };
		BD9ED984C0ABBF99FE7490BC /* RecordingPreferences.swift in Sources */ = {isa = PBXBuildFile; fileRef = B6DB6E4F6EA9B9E7FBE4C490 /* RecordingPreferences.swift */; };
		BFC02BFF31A0C274A4683D75 /* ProgramFrameCompositor.swift in Sources */ = {isa = PBXBuildFile; fileRef = A0793E0F7510D6169865639B /* ProgramFrameCompositor.swift */; };
		C22396E8FE55E5F5A72A7587 /* ProjectEditStore.swift in Sources */ = {isa = PBXBuildFile; fileRef = 2897A189300917E718918A9E /* ProjectEditStore.swift */; };
		C3DCED2DAD4D690025A4930C /* SegmentRecoveryPlanner.swift in Sources */ = {isa = PBXBuildFile; fileRef = 2A543FD71B224ECF3C3EDD8D /* SegmentRecoveryPlanner.swift */; };
		C4C20ECD0358BBC971A6A54B /* StudioRecorderModelTests.swift in Sources */ = {isa = PBXBuildFile; fileRef = D21C4DA9C72F1DEBCDE9B8B2 /* StudioRecorderModelTests.swift */; };
		C6AE9691FECE9C24D2FEE9C8 /* CapturePresentationTests.swift in Sources */ = {isa = PBXBuildFile; fileRef = AD5653D43BBC77733712D743 /* CapturePresentationTests.swift */; };
		D01F6C6336EE40388DBE8C5C /* ProjectMediaExporterTests.swift in Sources */ = {isa = PBXBuildFile; fileRef = 4610C665DE98769B14A920A6 /* ProjectMediaExporterTests.swift */; };
		D64F325CE3AACEC26F6A315F /* ProjectEditSession.swift in Sources */ = {isa = PBXBuildFile; fileRef = EF06D65D7BBCD8B359710577 /* ProjectEditSession.swift */; };
		DC7A244AEDECAF2CF1B6B7D1 /* StudioRecorderApp.swift in Sources */ = {isa = PBXBuildFile; fileRef = FFC372AEE33AFB69922CACED /* StudioRecorderApp.swift */; };
		DD78C0DCA93A3484735A1343 /* ProjectEditRendererTests.swift in Sources */ = {isa = PBXBuildFile; fileRef = CF51449BD3F0CFEE239624AC /* ProjectEditRendererTests.swift */; };
		E2519B8F9A2801A244417FBF /* StudioRecorderModel.swift in Sources */ = {isa = PBXBuildFile; fileRef = EA1D16FCE7208DF989206B4C /* StudioRecorderModel.swift */; };
		E6102E345B72130B25AFBD3A /* YouTubeStreamSink.swift in Sources */ = {isa = PBXBuildFile; fileRef = B90EAFC3F660F639A5E4C7AF /* YouTubeStreamSink.swift */; };
		E9E0C0A0A54C9D2CC336B3DA /* ProjectMediaExporter.swift in Sources */ = {isa = PBXBuildFile; fileRef = ADFE8A95E62F46884D456041 /* ProjectMediaExporter.swift */; };
		F195967D1996D9078D6FF408 /* ProjectEditRenderer.swift in Sources */ = {isa = PBXBuildFile; fileRef = F7024163CE6097121A239F4A /* ProjectEditRenderer.swift */; };
/* End PBXBuildFile section */

/* Begin PBXContainerItemProxy section */
		2E96BB2028CD2063C591C7DD /* PBXContainerItemProxy */ = {
			isa = PBXContainerItemProxy;
			containerPortal = E71B071AC7021315EE0841A6 /* Project object */;
			proxyType = 1;
			remoteGlobalIDString = C3F3C710F9EA1B2082E5B95F;
			remoteInfo = StudioRecorder;
		};
/* End PBXContainerItemProxy section */

/* Begin PBXFileReference section */
		01430E80134C73209EFA0564 /* ProjectEditTimelineTests.swift */ = {isa = PBXFileReference; lastKnownFileType = sourcecode.swift; path = ProjectEditTimelineTests.swift; sourceTree = "<group>"; };
		027D0183284B828436F04225 /* StudioRecorderTests.xctest */ = {isa = PBXFileReference; explicitFileType = wrapper.cfbundle; includeInIndex = 0; path = StudioRecorderTests.xctest; sourceTree = BUILT_PRODUCTS_DIR; };
		158EBFAEFC92DB31BAD3CA23 /* ProjectQuickEditorView.swift */ = {isa = PBXFileReference; lastKnownFileType = sourcecode.swift; path = ProjectQuickEditorView.swift; sourceTree = "<group>"; };
		1645708A19AD6B64C39DE697 /* CameraTrackRecorder.swift */ = {isa = PBXFileReference; lastKnownFileType = sourcecode.swift; path = CameraTrackRecorder.swift; sourceTree = "<group>"; };
		17E0DE8AA2298975D8B89FB4 /* LiveSceneCoordinator.swift */ = {isa = PBXFileReference; lastKnownFileType = sourcecode.swift; path = LiveSceneCoordinator.swift; sourceTree = "<group>"; };
		2897A189300917E718918A9E /* ProjectEditStore.swift */ = {isa = PBXFileReference; lastKnownFileType = sourcecode.swift; path = ProjectEditStore.swift; sourceTree = "<group>"; };
		2A543FD71B224ECF3C3EDD8D /* SegmentRecoveryPlanner.swift */ = {isa = PBXFileReference; lastKnownFileType = sourcecode.swift; path = SegmentRecoveryPlanner.swift; sourceTree = "<group>"; };
		32DC1B259E9687AC3F4AED72 /* ProjectPresentationEditorView.swift */ = {isa = PBXFileReference; lastKnownFileType = sourcecode.swift; path = ProjectPresentationEditorView.swift; sourceTree = "<group>"; };
		3D0041FA738C933779085A4D /* LiveProgramPipeline.swift */ = {isa = PBXFileReference; lastKnownFileType = sourcecode.swift; path = LiveProgramPipeline.swift; sourceTree = "<group>"; };
		3D0A91ECDA873BE9ABE40CE7 /* SegmentRecoveryPlannerTests.swift */ = {isa = PBXFileReference; lastKnownFileType = sourcecode.swift; path = SegmentRecoveryPlannerTests.swift; sourceTree = "<group>"; };
		43CAE4260A98A0A1F829C7D4 /* SettingsView.swift */ = {isa = PBXFileReference; lastKnownFileType = sourcecode.swift; path = SettingsView.swift; sourceTree = "<group>"; };
		442FEB1D0E1A4D959C1E84BF /* ProjectProgramRenderer.swift */ = {isa = PBXFileReference; lastKnownFileType = sourcecode.swift; path = ProjectProgramRenderer.swift; sourceTree = "<group>"; };
		4610C665DE98769B14A920A6 /* ProjectMediaExporterTests.swift */ = {isa = PBXFileReference; lastKnownFileType = sourcecode.swift; path = ProjectMediaExporterTests.swift; sourceTree = "<group>"; };
		4C835330D010EC7464891D7A /* StudioRecorderRootView.swift */ = {isa = PBXFileReference; lastKnownFileType = sourcecode.swift; path = StudioRecorderRootView.swift; sourceTree = "<group>"; };
		4F62D97C0064FA704277B507 /* RecordingProjectStoreTests.swift */ = {isa = PBXFileReference; lastKnownFileType = sourcecode.swift; path = RecordingProjectStoreTests.swift; sourceTree = "<group>"; };
		51E0E7A05E266687DFE45F5A /* PreferencesStoreTests.swift */ = {isa = PBXFileReference; lastKnownFileType = sourcecode.swift; path = PreferencesStoreTests.swift; sourceTree = "<group>"; };
		5CB50032F9DF80C7B972223E /* CameraBackgroundProcessor.swift */ = {isa = PBXFileReference; lastKnownFileType = sourcecode.swift; path = CameraBackgroundProcessor.swift; sourceTree = "<group>"; };
		6F8286A5033B63337E4DD342 /* Info.plist */ = {isa = PBXFileReference; lastKnownFileType = text.plist; path = Info.plist; sourceTree = "<group>"; };
		7126807F0F98EB846E410145 /* YouTubeStreaming.swift */ = {isa = PBXFileReference; lastKnownFileType = sourcecode.swift; path = YouTubeStreaming.swift; sourceTree = "<group>"; };
		891DF2173EEF7B52375DC5D1 /* YouTubeStreamingTests.swift */ = {isa = PBXFileReference; lastKnownFileType = sourcecode.swift; path = YouTubeStreamingTests.swift; sourceTree = "<group>"; };
		96ED698D08173FC315E1CD8D /* ProjectDetailView.swift */ = {isa = PBXFileReference; lastKnownFileType = sourcecode.swift; path = ProjectDetailView.swift; sourceTree = "<group>"; };
		9A418726188BA1186770D369 /* RecordingProjectStore.swift */ = {isa = PBXFileReference; lastKnownFileType = sourcecode.swift; path = RecordingProjectStore.swift; sourceTree = "<group>"; };
		A0793E0F7510D6169865639B /* ProgramFrameCompositor.swift */ = {isa = PBXFileReference; lastKnownFileType = sourcecode.swift; path = ProgramFrameCompositor.swift; sourceTree = "<group>"; };
		AD5653D43BBC77733712D743 /* CapturePresentationTests.swift */ = {isa = PBXFileReference; lastKnownFileType = sourcecode.swift; path = CapturePresentationTests.swift; sourceTree = "<group>"; };
		ADFE8A95E62F46884D456041 /* ProjectMediaExporter.swift */ = {isa = PBXFileReference; lastKnownFileType = sourcecode.swift; path = ProjectMediaExporter.swift; sourceTree = "<group>"; };
		B32A4624DC63A5C9C1A2B083 /* CapturePresentation.swift */ = {isa = PBXFileReference; lastKnownFileType = sourcecode.swift; path = CapturePresentation.swift; sourceTree = "<group>"; };
		B6DB6E4F6EA9B9E7FBE4C490 /* RecordingPreferences.swift */ = {isa = PBXFileReference; lastKnownFileType = sourcecode.swift; path = RecordingPreferences.swift; sourceTree = "<group>"; };
		B90EAFC3F660F639A5E4C7AF /* YouTubeStreamSink.swift */ = {isa = PBXFileReference; lastKnownFileType = sourcecode.swift; path = YouTubeStreamSink.swift; sourceTree = "<group>"; };
		B9B1FE173E9872A8B56DBDAA /* RecordingCoordinator.swift */ = {isa = PBXFileReference; lastKnownFileType = sourcecode.swift; path = RecordingCoordinator.swift; sourceTree = "<group>"; };
		C6A6C307E26B7DA41A362D92 /* CursorViewportPlanner.swift */ = {isa = PBXFileReference; lastKnownFileType = sourcecode.swift; path = CursorViewportPlanner.swift; sourceTree = "<group>"; };
		CF467C02CEF1C0CEB9A3DEA6 /* ProjectEditTimeline.swift */ = {isa = PBXFileReference; lastKnownFileType = sourcecode.swift; path = ProjectEditTimeline.swift; sourceTree = "<group>"; };
		CF51449BD3F0CFEE239624AC /* ProjectEditRendererTests.swift */ = {isa = PBXFileReference; lastKnownFileType = sourcecode.swift; path = ProjectEditRendererTests.swift; sourceTree = "<group>"; };
		D21C4DA9C72F1DEBCDE9B8B2 /* StudioRecorderModelTests.swift */ = {isa = PBXFileReference; lastKnownFileType = sourcecode.swift; path = StudioRecorderModelTests.swift; sourceTree = "<group>"; };
		D564BFBD03767F61040E4D62 /* CursorViewportPlannerTests.swift */ = {isa = PBXFileReference; lastKnownFileType = sourcecode.swift; path = CursorViewportPlannerTests.swift; sourceTree = "<group>"; };
		EA1D16FCE7208DF989206B4C /* StudioRecorderModel.swift */ = {isa = PBXFileReference; lastKnownFileType = sourcecode.swift; path = StudioRecorderModel.swift; sourceTree = "<group>"; };
		EF06D65D7BBCD8B359710577 /* ProjectEditSession.swift */ = {isa = PBXFileReference; lastKnownFileType = sourcecode.swift; path = ProjectEditSession.swift; sourceTree = "<group>"; };
		F7024163CE6097121A239F4A /* ProjectEditRenderer.swift */ = {isa = PBXFileReference; lastKnownFileType = sourcecode.swift; path = ProjectEditRenderer.swift; sourceTree = "<group>"; };
		FD2E19F005362A8BC62C6CF0 /* StudioRecorder.app */ = {isa = PBXFileReference; explicitFileType = wrapper.application; includeInIndex = 0; path = StudioRecorder.app; sourceTree = BUILT_PRODUCTS_DIR; };
		FFC372AEE33AFB69922CACED /* StudioRecorderApp.swift */ = {isa = PBXFileReference; lastKnownFileType = sourcecode.swift; path = StudioRecorderApp.swift; sourceTree = "<group>"; };
/* End PBXFileReference section */

/* Begin PBXFrameworksBuildPhase section */
		5CFB72CDB48AC85184349881 /* Frameworks */ = {
			isa = PBXFrameworksBuildPhase;
			buildActionMask = 2147483647;
			files = (
				B46A023909CBD36987C33FE0 /* HaishinKit in Frameworks */,
				8D068381CAA6590CB8859700 /* RTMPHaishinKit in Frameworks */,
			);
			runOnlyForDeploymentPostprocessing = 0;
		};
/* End PBXFrameworksBuildPhase section */

/* Begin PBXGroup section */
		0AA0B2638E89C4D301F652D5 /* UI */ = {
			isa = PBXGroup;
			children = (
				96ED698D08173FC315E1CD8D /* ProjectDetailView.swift */,
				43CAE4260A98A0A1F829C7D4 /* SettingsView.swift */,
				4C835330D010EC7464891D7A /* StudioRecorderRootView.swift */,
			);
			path = UI;
			sourceTree = "<group>";
		};
		31F5514D00FA9DA9FBDFD5AB /* Editing */ = {
			isa = PBXGroup;
			children = (
				EF06D65D7BBCD8B359710577 /* ProjectEditSession.swift */,
				32DC1B259E9687AC3F4AED72 /* ProjectPresentationEditorView.swift */,
				158EBFAEFC92DB31BAD3CA23 /* ProjectQuickEditorView.swift */,
			);
			path = Editing;
			sourceTree = "<group>";
		};
		330971FAA4ECDBCD9C3F2F9F /* Products */ = {
			isa = PBXGroup;
			children = (
				FD2E19F005362A8BC62C6CF0 /* StudioRecorder.app */,
				027D0183284B828436F04225 /* StudioRecorderTests.xctest */,
			);
			name = Products;
			sourceTree = "<group>";
		};
		4311767BE24A5CFB6E9C3496 /* Domain */ = {
			isa = PBXGroup;
			children = (
				C6A6C307E26B7DA41A362D92 /* CursorViewportPlanner.swift */,
				2A543FD71B224ECF3C3EDD8D /* SegmentRecoveryPlanner.swift */,
			);
			path = Domain;
			sourceTree = "<group>";
		};
		5337D38CB9E134F023ECDA2A /* StudioRecorder */ = {
			isa = PBXGroup;
			children = (
				CBA642BF5C7EBB2A6DD26436 /* App */,
				4311767BE24A5CFB6E9C3496 /* Domain */,
				31F5514D00FA9DA9FBDFD5AB /* Editing */,
				B7665D67276FC05CC08BC579 /* Preview */,
				67CDD07686B91E7A4757E663 /* Resources */,
				0AA0B2638E89C4D301F652D5 /* UI */,
			);
			path = StudioRecorder;
			sourceTree = "<group>";
		};
		67CDD07686B91E7A4757E663 /* Resources */ = {
			isa = PBXGroup;
			children = (
				6F8286A5033B63337E4DD342 /* Info.plist */,
			);
			path = Resources;
			sourceTree = "<group>";
		};
		AEB60D501EAC087B4F803C04 /* StudioRecorderTests */ = {
			isa = PBXGroup;
			children = (
				AD5653D43BBC77733712D743 /* CapturePresentationTests.swift */,
				D564BFBD03767F61040E4D62 /* CursorViewportPlannerTests.swift */,
				51E0E7A05E266687DFE45F5A /* PreferencesStoreTests.swift */,
				CF51449BD3F0CFEE239624AC /* ProjectEditRendererTests.swift */,
				01430E80134C73209EFA0564 /* ProjectEditTimelineTests.swift */,
				4610C665DE98769B14A920A6 /* ProjectMediaExporterTests.swift */,
				4F62D97C0064FA704277B507 /* RecordingProjectStoreTests.swift */,
				3D0A91ECDA873BE9ABE40CE7 /* SegmentRecoveryPlannerTests.swift */,
				D21C4DA9C72F1DEBCDE9B8B2 /* StudioRecorderModelTests.swift */,
				891DF2173EEF7B52375DC5D1 /* YouTubeStreamingTests.swift */,
			);
			path = StudioRecorderTests;
			sourceTree = "<group>";
		};
		B7665D67276FC05CC08BC579 /* Preview */ = {
			isa = PBXGroup;
			children = (
				17E0DE8AA2298975D8B89FB4 /* LiveSceneCoordinator.swift */,
			);
			path = Preview;
			sourceTree = "<group>";
		};
		BCC583B46E8F372CEE4C3BCE /* Recording */ = {
			isa = PBXGroup;
			children = (
				1645708A19AD6B64C39DE697 /* CameraTrackRecorder.swift */,
				3D0041FA738C933779085A4D /* LiveProgramPipeline.swift */,
				B9B1FE173E9872A8B56DBDAA /* RecordingCoordinator.swift */,
				B90EAFC3F660F639A5E4C7AF /* YouTubeStreamSink.swift */,
			);
			path = Recording;
			sourceTree = "<group>";
		};
		CB745AD74D63EDF34EBCA822 /* Domain */ = {
			isa = PBXGroup;
			children = (
				5CB50032F9DF80C7B972223E /* CameraBackgroundProcessor.swift */,
				B32A4624DC63A5C9C1A2B083 /* CapturePresentation.swift */,
				A0793E0F7510D6169865639B /* ProgramFrameCompositor.swift */,
				F7024163CE6097121A239F4A /* ProjectEditRenderer.swift */,
				2897A189300917E718918A9E /* ProjectEditStore.swift */,
				CF467C02CEF1C0CEB9A3DEA6 /* ProjectEditTimeline.swift */,
				ADFE8A95E62F46884D456041 /* ProjectMediaExporter.swift */,
				442FEB1D0E1A4D959C1E84BF /* ProjectProgramRenderer.swift */,
				B6DB6E4F6EA9B9E7FBE4C490 /* RecordingPreferences.swift */,
				9A418726188BA1186770D369 /* RecordingProjectStore.swift */,
				7126807F0F98EB846E410145 /* YouTubeStreaming.swift */,
			);
			path = Domain;
			sourceTree = "<group>";
		};
		CBA642BF5C7EBB2A6DD26436 /* App */ = {
			isa = PBXGroup;
			children = (
				FFC372AEE33AFB69922CACED /* StudioRecorderApp.swift */,
				EA1D16FCE7208DF989206B4C /* StudioRecorderModel.swift */,
			);
			path = App;
			sourceTree = "<group>";
		};
		DB8939C8D6309FF7722ADBF4 = {
			isa = PBXGroup;
			children = (
				CB745AD74D63EDF34EBCA822 /* Domain */,
				BCC583B46E8F372CEE4C3BCE /* Recording */,
				5337D38CB9E134F023ECDA2A /* StudioRecorder */,
				AEB60D501EAC087B4F803C04 /* StudioRecorderTests */,
				330971FAA4ECDBCD9C3F2F9F /* Products */,
			);
			sourceTree = "<group>";
		};
/* End PBXGroup section */

/* Begin PBXNativeTarget section */
		C3F3C710F9EA1B2082E5B95F /* StudioRecorder */ = {
			isa = PBXNativeTarget;
			buildConfigurationList = 7EC436051ABBC9303EDD79DB /* Build configuration list for PBXNativeTarget "StudioRecorder" */;
			buildPhases = (
				A77BB2CF2232BF266804EA4A /* Sources */,
				5CFB72CDB48AC85184349881 /* Frameworks */,
			);
			buildRules = (
			);
			dependencies = (
			);
			name = StudioRecorder;
			packageProductDependencies = (
				48264C86C007CE4D5C35A458 /* HaishinKit */,
				20760362B2E4B0080237C2D6 /* RTMPHaishinKit */,
			);
			productName = StudioRecorder;
			productReference = FD2E19F005362A8BC62C6CF0 /* StudioRecorder.app */;
			productType = "com.apple.product-type.application";
		};
		D5A537D71DF98B8D30D4F873 /* StudioRecorderTests */ = {
			isa = PBXNativeTarget;
			buildConfigurationList = 134EBA65D624FAB740D437E7 /* Build configuration list for PBXNativeTarget "StudioRecorderTests" */;
			buildPhases = (
				1A0BB5A010D6226E81F72FF7 /* Sources */,
			);
			buildRules = (
			);
			dependencies = (
				EC8A7E73DEDD42EFB344673F /* PBXTargetDependency */,
			);
			name = StudioRecorderTests;
			packageProductDependencies = (
			);
			productName = StudioRecorderTests;
			productReference = 027D0183284B828436F04225 /* StudioRecorderTests.xctest */;
			productType = "com.apple.product-type.bundle.unit-test";
		};
/* End PBXNativeTarget section */

/* Begin PBXProject section */
		E71B071AC7021315EE0841A6 /* Project object */ = {
			isa = PBXProject;
			attributes = {
				BuildIndependentTargetsInParallel = YES;
				LastUpgradeCheck = 1430;
				TargetAttributes = {
				};
			};
			buildConfigurationList = D5DBE17CE1AAA213E68DD89B /* Build configuration list for PBXProject "StudioRecorder" */;
			developmentRegion = en;
			hasScannedForEncodings = 0;
			knownRegions = (
				Base,
				en,
			);
			mainGroup = DB8939C8D6309FF7722ADBF4;
			minimizedProjectReferenceProxies = 1;
			packageReferences = (
				0C2B5C46F7E20D6D351DC81D /* XCRemoteSwiftPackageReference "HaishinKit.swift" */,
			);
			preferredProjectObjectVersion = 77;
			productRefGroup = 330971FAA4ECDBCD9C3F2F9F /* Products */;
			projectDirPath = "";
			projectRoot = "";
			targets = (
				C3F3C710F9EA1B2082E5B95F /* StudioRecorder */,
				D5A537D71DF98B8D30D4F873 /* StudioRecorderTests */,
			);
		};
/* End PBXProject section */

/* Begin PBXSourcesBuildPhase section */
		1A0BB5A010D6226E81F72FF7 /* Sources */ = {
			isa = PBXSourcesBuildPhase;
			buildActionMask = 2147483647;
			files = (
				C6AE9691FECE9C24D2FEE9C8 /* CapturePresentationTests.swift in Sources */,
				9A9291D7AA94A3C373F8DF99 /* CursorViewportPlannerTests.swift in Sources */,
				6407FF729697CBABA2421762 /* PreferencesStoreTests.swift in Sources */,
				DD78C0DCA93A3484735A1343 /* ProjectEditRendererTests.swift in Sources */,
				30C473B441D6165AE700ADDF /* ProjectEditTimelineTests.swift in Sources */,
				D01F6C6336EE40388DBE8C5C /* ProjectMediaExporterTests.swift in Sources */,
				09CCDEF8955D04E11407AB2F /* RecordingProjectStoreTests.swift in Sources */,
				1A2584EBACF37EB6EF0538F8 /* SegmentRecoveryPlannerTests.swift in Sources */,
				C4C20ECD0358BBC971A6A54B /* StudioRecorderModelTests.swift in Sources */,
				ACD7EF0A9E898F71E4289452 /* YouTubeStreamingTests.swift in Sources */,
			);
			runOnlyForDeploymentPostprocessing = 0;
		};
		A77BB2CF2232BF266804EA4A /* Sources */ = {
			isa = PBXSourcesBuildPhase;
			buildActionMask = 2147483647;
			files = (
				0F3C5FC0DB845064C64E7F85 /* CameraBackgroundProcessor.swift in Sources */,
				BD395C6D00598088ACD4AC23 /* CameraTrackRecorder.swift in Sources */,
				376EB69488DDB2130F1D2389 /* CapturePresentation.swift in Sources */,
				B0E27A3D93D70E74BFA6BADB /* CursorViewportPlanner.swift in Sources */,
				208374A0E16995A13E987F1C /* LiveProgramPipeline.swift in Sources */,
				5A1AA71EF5B4051EBAFF0B27 /* LiveSceneCoordinator.swift in Sources */,
				BFC02BFF31A0C274A4683D75 /* ProgramFrameCompositor.swift in Sources */,
				845F62C05DD68B0B367282D0 /* ProjectDetailView.swift in Sources */,
				F195967D1996D9078D6FF408 /* ProjectEditRenderer.swift in Sources */,
				D64F325CE3AACEC26F6A315F /* ProjectEditSession.swift in Sources */,
				C22396E8FE55E5F5A72A7587 /* ProjectEditStore.swift in Sources */,
				196FF4638BDC807C8566CBFB /* ProjectEditTimeline.swift in Sources */,
				E9E0C0A0A54C9D2CC336B3DA /* ProjectMediaExporter.swift in Sources */,
				28BD5D9F6F1FDC3069E77ADB /* ProjectPresentationEditorView.swift in Sources */,
				B521E86B930809AD5DF38476 /* ProjectProgramRenderer.swift in Sources */,
				A66AADF142C1D940754C0E01 /* ProjectQuickEditorView.swift in Sources */,
				8F36E99F36BFB7FA1099A091 /* RecordingCoordinator.swift in Sources */,
				BD9ED984C0ABBF99FE7490BC /* RecordingPreferences.swift in Sources */,
				0275258A166E8C1F8747049F /* RecordingProjectStore.swift in Sources */,
				C3DCED2DAD4D690025A4930C /* SegmentRecoveryPlanner.swift in Sources */,
				13B8ECF226E15196B0B70E26 /* SettingsView.swift in Sources */,
				DC7A244AEDECAF2CF1B6B7D1 /* StudioRecorderApp.swift in Sources */,
				E2519B8F9A2801A244417FBF /* StudioRecorderModel.swift in Sources */,
				A302B7575401CF8ABFB3670E /* StudioRecorderRootView.swift in Sources */,
				E6102E345B72130B25AFBD3A /* YouTubeStreamSink.swift in Sources */,
				4A96E1124B032527CF1EDBAC /* YouTubeStreaming.swift in Sources */,
			);
			runOnlyForDeploymentPostprocessing = 0;
		};
/* End PBXSourcesBuildPhase section */

/* Begin PBXTargetDependency section */
		EC8A7E73DEDD42EFB344673F /* PBXTargetDependency */ = {
			isa = PBXTargetDependency;
			target = C3F3C710F9EA1B2082E5B95F /* StudioRecorder */;
			targetProxy = 2E96BB2028CD2063C591C7DD /* PBXContainerItemProxy */;
		};
/* End PBXTargetDependency section */

/* Begin XCBuildConfiguration section */
		0CC5ECB08D3B8FACDC3CB6D7 /* Debug */ = {
			isa = XCBuildConfiguration;
			buildSettings = {
				ASSETCATALOG_COMPILER_APPICON_NAME = AppIcon;
				COMBINE_HIDPI_IMAGES = YES;
				GENERATE_INFOPLIST_FILE = NO;
				INFOPLIST_FILE = StudioRecorder/Resources/Info.plist;
				LD_RUNPATH_SEARCH_PATHS = (
					"$(inherited)",
					"@executable_path/../Frameworks",
				);
				MACOSX_DEPLOYMENT_TARGET = 26.0;
				PRODUCT_BUNDLE_IDENTIFIER = ua.com.rmarinsky.studiorecorder;
				PRODUCT_MODULE_NAME = StudioRecorder;
				PRODUCT_NAME = "Studio Recorder";
				SDKROOT = macosx;
			};
			name = Debug;
		};
		19887832A7A339D2EE798DC7 /* Release */ = {
			isa = XCBuildConfiguration;
			buildSettings = {
				ALWAYS_SEARCH_USER_PATHS = NO;
				CLANG_ANALYZER_NONNULL = YES;
				CLANG_ANALYZER_NUMBER_OBJECT_CONVERSION = YES_AGGRESSIVE;
				CLANG_CXX_LANGUAGE_STANDARD = "gnu++14";
				CLANG_CXX_LIBRARY = "libc++";
				CLANG_ENABLE_MODULES = YES;
				CLANG_ENABLE_OBJC_ARC = YES;
				CLANG_ENABLE_OBJC_WEAK = YES;
				CLANG_WARN_BLOCK_CAPTURE_AUTORELEASING = YES;
				CLANG_WARN_BOOL_CONVERSION = YES;
				CLANG_WARN_COMMA = YES;
				CLANG_WARN_CONSTANT_CONVERSION = YES;
				CLANG_WARN_DEPRECATED_OBJC_IMPLEMENTATIONS = YES;
				CLANG_WARN_DIRECT_OBJC_ISA_USAGE = YES_ERROR;
				CLANG_WARN_DOCUMENTATION_COMMENTS = YES;
				CLANG_WARN_EMPTY_BODY = YES;
				CLANG_WARN_ENUM_CONVERSION = YES;
				CLANG_WARN_INFINITE_RECURSION = YES;
				CLANG_WARN_INT_CONVERSION = YES;
				CLANG_WARN_NON_LITERAL_NULL_CONVERSION = YES;
				CLANG_WARN_OBJC_IMPLICIT_RETAIN_SELF = YES;
				CLANG_WARN_OBJC_LITERAL_CONVERSION = YES;
				CLANG_WARN_OBJC_ROOT_CLASS = YES_ERROR;
				CLANG_WARN_QUOTED_INCLUDE_IN_FRAMEWORK_HEADER = YES;
				CLANG_WARN_RANGE_LOOP_ANALYSIS = YES;
				CLANG_WARN_STRICT_PROTOTYPES = YES;
				CLANG_WARN_SUSPICIOUS_MOVE = YES;
				CLANG_WARN_UNGUARDED_AVAILABILITY = YES_AGGRESSIVE;
				CLANG_WARN_UNREACHABLE_CODE = YES;
				CLANG_WARN__DUPLICATE_METHOD_MATCH = YES;
				COPY_PHASE_STRIP = NO;
				DEBUG_INFORMATION_FORMAT = "dwarf-with-dsym";
				ENABLE_NS_ASSERTIONS = NO;
				ENABLE_STRICT_OBJC_MSGSEND = YES;
				GCC_C_LANGUAGE_STANDARD = gnu11;
				GCC_NO_COMMON_BLOCKS = YES;
				GCC_WARN_64_TO_32_BIT_CONVERSION = YES;
				GCC_WARN_ABOUT_RETURN_TYPE = YES_ERROR;
				GCC_WARN_UNDECLARED_SELECTOR = YES;
				GCC_WARN_UNINITIALIZED_AUTOS = YES_AGGRESSIVE;
				GCC_WARN_UNUSED_FUNCTION = YES;
				GCC_WARN_UNUSED_VARIABLE = YES;
				MACOSX_DEPLOYMENT_TARGET = 26.0;
				MTL_ENABLE_DEBUG_INFO = NO;
				MTL_FAST_MATH = YES;
				PRODUCT_NAME = "$(TARGET_NAME)";
				SDKROOT = macosx;
				SWIFT_COMPILATION_MODE = wholemodule;
				SWIFT_OPTIMIZATION_LEVEL = "-O";
				SWIFT_VERSION = 6.0;
			};
			name = Release;
		};
		A0BAE85DE3061EC4A0A2E9B5 /* Release */ = {
			isa = XCBuildConfiguration;
			buildSettings = {
				BUNDLE_LOADER = "$(TEST_HOST)";
				COMBINE_HIDPI_IMAGES = YES;
				GENERATE_INFOPLIST_FILE = YES;
				LD_RUNPATH_SEARCH_PATHS = (
					"$(inherited)",
					"@executable_path/../Frameworks",
					"@loader_path/../Frameworks",
				);
				MACOSX_DEPLOYMENT_TARGET = 26.0;
				PRODUCT_BUNDLE_IDENTIFIER = ua.com.rmarinsky.studiorecorder.tests;
				SDKROOT = macosx;
				TEST_HOST = "$(BUILT_PRODUCTS_DIR)/Studio Recorder.app/Contents/MacOS/Studio Recorder";
			};
			name = Release;
		};
		AB9F28907D61779180D404CB /* Debug */ = {
			isa = XCBuildConfiguration;
			buildSettings = {
				BUNDLE_LOADER = "$(TEST_HOST)";
				COMBINE_HIDPI_IMAGES = YES;
				GENERATE_INFOPLIST_FILE = YES;
				LD_RUNPATH_SEARCH_PATHS = (
					"$(inherited)",
					"@executable_path/../Frameworks",
					"@loader_path/../Frameworks",
				);
				MACOSX_DEPLOYMENT_TARGET = 26.0;
				PRODUCT_BUNDLE_IDENTIFIER = ua.com.rmarinsky.studiorecorder.tests;
				SDKROOT = macosx;
				TEST_HOST = "$(BUILT_PRODUCTS_DIR)/Studio Recorder.app/Contents/MacOS/Studio Recorder";
			};
			name = Debug;
		};
		BDD5CB87D6CC3C97136D51F4 /* Release */ = {
			isa = XCBuildConfiguration;
			buildSettings = {
				ASSETCATALOG_COMPILER_APPICON_NAME = AppIcon;
				COMBINE_HIDPI_IMAGES = YES;
				GENERATE_INFOPLIST_FILE = NO;
				INFOPLIST_FILE = StudioRecorder/Resources/Info.plist;
				LD_RUNPATH_SEARCH_PATHS = (
					"$(inherited)",
					"@executable_path/../Frameworks",
				);
				MACOSX_DEPLOYMENT_TARGET = 26.0;
				PRODUCT_BUNDLE_IDENTIFIER = ua.com.rmarinsky.studiorecorder;
				PRODUCT_MODULE_NAME = StudioRecorder;
				PRODUCT_NAME = "Studio Recorder";
				SDKROOT = macosx;
			};
			name = Release;
		};
		D99D66F2871FF6216744A272 /* Debug */ = {
			isa = XCBuildConfiguration;
			buildSettings = {
				ALWAYS_SEARCH_USER_PATHS = NO;
				CLANG_ANALYZER_NONNULL = YES;
				CLANG_ANALYZER_NUMBER_OBJECT_CONVERSION = YES_AGGRESSIVE;
				CLANG_CXX_LANGUAGE_STANDARD = "gnu++14";
				CLANG_CXX_LIBRARY = "libc++";
				CLANG_ENABLE_MODULES = YES;
				CLANG_ENABLE_OBJC_ARC = YES;
				CLANG_ENABLE_OBJC_WEAK = YES;
				CLANG_WARN_BLOCK_CAPTURE_AUTORELEASING = YES;
				CLANG_WARN_BOOL_CONVERSION = YES;
				CLANG_WARN_COMMA = YES;
				CLANG_WARN_CONSTANT_CONVERSION = YES;
				CLANG_WARN_DEPRECATED_OBJC_IMPLEMENTATIONS = YES;
				CLANG_WARN_DIRECT_OBJC_ISA_USAGE = YES_ERROR;
				CLANG_WARN_DOCUMENTATION_COMMENTS = YES;
				CLANG_WARN_EMPTY_BODY = YES;
				CLANG_WARN_ENUM_CONVERSION = YES;
				CLANG_WARN_INFINITE_RECURSION = YES;
				CLANG_WARN_INT_CONVERSION = YES;
				CLANG_WARN_NON_LITERAL_NULL_CONVERSION = YES;
				CLANG_WARN_OBJC_IMPLICIT_RETAIN_SELF = YES;
				CLANG_WARN_OBJC_LITERAL_CONVERSION = YES;
				CLANG_WARN_OBJC_ROOT_CLASS = YES_ERROR;
				CLANG_WARN_QUOTED_INCLUDE_IN_FRAMEWORK_HEADER = YES;
				CLANG_WARN_RANGE_LOOP_ANALYSIS = YES;
				CLANG_WARN_STRICT_PROTOTYPES = YES;
				CLANG_WARN_SUSPICIOUS_MOVE = YES;
				CLANG_WARN_UNGUARDED_AVAILABILITY = YES_AGGRESSIVE;
				CLANG_WARN_UNREACHABLE_CODE = YES;
				CLANG_WARN__DUPLICATE_METHOD_MATCH = YES;
				COPY_PHASE_STRIP = NO;
				DEBUG_INFORMATION_FORMAT = dwarf;
				ENABLE_STRICT_OBJC_MSGSEND = YES;
				ENABLE_TESTABILITY = YES;
				GCC_C_LANGUAGE_STANDARD = gnu11;
				GCC_DYNAMIC_NO_PIC = NO;
				GCC_NO_COMMON_BLOCKS = YES;
				GCC_OPTIMIZATION_LEVEL = 0;
				GCC_PREPROCESSOR_DEFINITIONS = (
					"$(inherited)",
					"DEBUG=1",
				);
				GCC_WARN_64_TO_32_BIT_CONVERSION = YES;
				GCC_WARN_ABOUT_RETURN_TYPE = YES_ERROR;
				GCC_WARN_UNDECLARED_SELECTOR = YES;
				GCC_WARN_UNINITIALIZED_AUTOS = YES_AGGRESSIVE;
				GCC_WARN_UNUSED_FUNCTION = YES;
				GCC_WARN_UNUSED_VARIABLE = YES;
				MACOSX_DEPLOYMENT_TARGET = 26.0;
				MTL_ENABLE_DEBUG_INFO = INCLUDE_SOURCE;
				MTL_FAST_MATH = YES;
				ONLY_ACTIVE_ARCH = YES;
				PRODUCT_NAME = "$(TARGET_NAME)";
				SDKROOT = macosx;
				SWIFT_ACTIVE_COMPILATION_CONDITIONS = DEBUG;
				SWIFT_OPTIMIZATION_LEVEL = "-Onone";
				SWIFT_VERSION = 6.0;
			};
			name = Debug;
		};
/* End XCBuildConfiguration section */

/* Begin XCConfigurationList section */
		134EBA65D624FAB740D437E7 /* Build configuration list for PBXNativeTarget "StudioRecorderTests" */ = {
			isa = XCConfigurationList;
			buildConfigurations = (
				AB9F28907D61779180D404CB /* Debug */,
				A0BAE85DE3061EC4A0A2E9B5 /* Release */,
			);
			defaultConfigurationIsVisible = 0;
			defaultConfigurationName = Debug;
		};
		7EC436051ABBC9303EDD79DB /* Build configuration list for PBXNativeTarget "StudioRecorder" */ = {
			isa = XCConfigurationList;
			buildConfigurations = (
				0CC5ECB08D3B8FACDC3CB6D7 /* Debug */,
				BDD5CB87D6CC3C97136D51F4 /* Release */,
			);
			defaultConfigurationIsVisible = 0;
			defaultConfigurationName = Debug;
		};
		D5DBE17CE1AAA213E68DD89B /* Build configuration list for PBXProject "StudioRecorder" */ = {
			isa = XCConfigurationList;
			buildConfigurations = (
				D99D66F2871FF6216744A272 /* Debug */,
				19887832A7A339D2EE798DC7 /* Release */,
			);
			defaultConfigurationIsVisible = 0;
			defaultConfigurationName = Debug;
		};
/* End XCConfigurationList section */

/* Begin XCRemoteSwiftPackageReference section */
		0C2B5C46F7E20D6D351DC81D /* XCRemoteSwiftPackageReference "HaishinKit.swift" */ = {
			isa = XCRemoteSwiftPackageReference;
			repositoryURL = "https://github.com/HaishinKit/HaishinKit.swift";
			requirement = {
				kind = exactVersion;
				version = 2.2.5;
			};
		};
/* End XCRemoteSwiftPackageReference section */

/* Begin XCSwiftPackageProductDependency section */
		20760362B2E4B0080237C2D6 /* RTMPHaishinKit */ = {
			isa = XCSwiftPackageProductDependency;
			package = 0C2B5C46F7E20D6D351DC81D /* XCRemoteSwiftPackageReference "HaishinKit.swift" */;
			productName = RTMPHaishinKit;
		};
		48264C86C007CE4D5C35A458 /* HaishinKit */ = {
			isa = XCSwiftPackageProductDependency;
			package = 0C2B5C46F7E20D6D351DC81D /* XCRemoteSwiftPackageReference "HaishinKit.swift" */;
			productName = HaishinKit;
		};
/* End XCSwiftPackageProductDependency section */
	};
	rootObject = E71B071AC7021315EE0841A6 /* Project object */;
}
