{
  "originHash" : "4481a33032b3adce6643dbcef65c1abe4169eaa4f72990947dbbfb69e5e40d17",
  "pins" : [
    {
      "identity" : "haishinkit.swift",
      "kind" : "remoteSourceControl",
      "location" : "https://github.com/HaishinKit/HaishinKit.swift",
      "state" : {
        "revision" : "dc880cb540b8feeb98f64e8b7dcfaaf320b6b2bd",
        "version" : "2.2.5"
      }
    },
    {
      "identity" : "logboard",
      "kind" : "remoteSourceControl",
      "location" : "https://github.com/shogo4405/Logboard.git",
      "state" : {
        "revision" : "8f41c63afb903040b77049ee2efa8c257b8c0d50",
        "version" : "2.6.0"
      }
    },
    {
      "identity" : "sparkle",
      "kind" : "remoteSourceControl",
      "location" : "https://github.com/sparkle-project/Sparkle",
      "state" : {
        "revision" : "eef1a539a373c1f1a320624b1130fc5de7b2e100",
        "version" : "2.10.0"
      }
    }
  ],
  "version" : 3
}
